
Microsoft Visual Studio Solution File, Format Version 12.00
# Visual Studio 15
VisualStudioVersion = 15.0.28307.705
MinimumVisualStudioVersion = 10.0.40219.1
Project("{888888A0-9F3D-457C-B088-3A5042F75D52}") = "MessageServer", "MessageServer\MessageServer.pyproj", "{B3C9D0EE-C822-4B24-86BA-1D377063D9B1}"
EndProject
Project("{2150E333-8FDC-42A3-9474-1A3956D46DE8}") = "Tests", "Tests", "{E01A1F65-2FF8-4B1E-A6E8-8FBA5E4BECB3}"
EndProject
Project("{888888A0-9F3D-457C-B088-3A5042F75D52}") = "VehicleComponents", "VehicleComponents\VehicleComponents.pyproj", "{3D1696B7-367A-4AE6-9C33-001D9F4C18F4}"
EndProject
Project("{888888A0-9F3D-457C-B088-3A5042F75D52}") = "VirtualComponents", "VirtualComponents\VirtualComponents.pyproj", "{9C87B877-EAB3-4812-A4BB-89147FB8DBE1}"
EndProject
Project("{888888A0-9F3D-457C-B088-3A5042F75D52}") = "MessageServerTest", "Tests\MessageServerTest\MessageServerTest.pyproj", "{EA589D8B-F1A2-4097-9B81-0E0157EB25B2}"
EndProject
Project("{888888A0-9F3D-457C-B088-3A5042F75D52}") = "VehicleComponentTests", "Tests\VehicleComponentTests\VehicleComponentTests.pyproj", "{F783E3AC-7B1C-41DC-BE6C-B076B12B6987}"
EndProject
Project("{888888A0-9F3D-457C-B088-3A5042F75D52}") = "VirtualComponentTests", "Tests\VirtualComponentsTest\VirtualComponentTests.pyproj", "{3D4C9BB1-8FD5-4B4C-9564-0211D27F9B8D}"
EndProject
Project("{888888A0-9F3D-457C-B088-3A5042F75D52}") = "Runner", "Runner\Runner.pyproj", "{537AB1A6-A5CE-496D-809F-3C9E78701F5D}"
EndProject
Project("{888888A0-9F3D-457C-B088-3A5042F75D52}") = "CommonFunctions", "CommonFunctions\CommonFunctions.pyproj", "{0F1D3E55-478C-4308-AE95-49FDDD060FF6}"
EndProject
Project("{888888A0-9F3D-457C-B088-3A5042F75D52}") = "NetworkedComponent", "NetworkedComponent\NetworkedComponent.pyproj", "{B96404C3-4D93-4DF4-908E-AD80DC8B4F2A}"
EndProject
Global
	GlobalSection(SolutionConfigurationPlatforms) = preSolution
		Debug|Any CPU = Debug|Any CPU
		Release|Any CPU = Release|Any CPU
	EndGlobalSection
	GlobalSection(ProjectConfigurationPlatforms) = postSolution
		{B3C9D0EE-C822-4B24-86BA-1D377063D9B1}.Debug|Any CPU.ActiveCfg = Debug|Any CPU
		{B3C9D0EE-C822-4B24-86BA-1D377063D9B1}.Release|Any CPU.ActiveCfg = Release|Any CPU
		{3D1696B7-367A-4AE6-9C33-001D9F4C18F4}.Debug|Any CPU.ActiveCfg = Debug|Any CPU
		{3D1696B7-367A-4AE6-9C33-001D9F4C18F4}.Release|Any CPU.ActiveCfg = Release|Any CPU
		{9C87B877-EAB3-4812-A4BB-89147FB8DBE1}.Debug|Any CPU.ActiveCfg = Debug|Any CPU
		{9C87B877-EAB3-4812-A4BB-89147FB8DBE1}.Release|Any CPU.ActiveCfg = Release|Any CPU
		{EA589D8B-F1A2-4097-9B81-0E0157EB25B2}.Debug|Any CPU.ActiveCfg = Debug|Any CPU
		{EA589D8B-F1A2-4097-9B81-0E0157EB25B2}.Release|Any CPU.ActiveCfg = Release|Any CPU
		{F783E3AC-7B1C-41DC-BE6C-B076B12B6987}.Debug|Any CPU.ActiveCfg = Debug|Any CPU
		{F783E3AC-7B1C-41DC-BE6C-B076B12B6987}.Release|Any CPU.ActiveCfg = Release|Any CPU
		{3D4C9BB1-8FD5-4B4C-9564-0211D27F9B8D}.Debug|Any CPU.ActiveCfg = Debug|Any CPU
		{3D4C9BB1-8FD5-4B4C-9564-0211D27F9B8D}.Release|Any CPU.ActiveCfg = Release|Any CPU
		{537AB1A6-A5CE-496D-809F-3C9E78701F5D}.Debug|Any CPU.ActiveCfg = Debug|Any CPU
		{537AB1A6-A5CE-496D-809F-3C9E78701F5D}.Release|Any CPU.ActiveCfg = Release|Any CPU
		{0F1D3E55-478C-4308-AE95-49FDDD060FF6}.Debug|Any CPU.ActiveCfg = Debug|Any CPU
		{0F1D3E55-478C-4308-AE95-49FDDD060FF6}.Release|Any CPU.ActiveCfg = Release|Any CPU
		{B96404C3-4D93-4DF4-908E-AD80DC8B4F2A}.Debug|Any CPU.ActiveCfg = Debug|Any CPU
		{B96404C3-4D93-4DF4-908E-AD80DC8B4F2A}.Release|Any CPU.ActiveCfg = Release|Any CPU
	EndGlobalSection
	GlobalSection(SolutionProperties) = preSolution
		HideSolutionNode = FALSE
	EndGlobalSection
	GlobalSection(NestedProjects) = preSolution
		{EA589D8B-F1A2-4097-9B81-0E0157EB25B2} = {E01A1F65-2FF8-4B1E-A6E8-8FBA5E4BECB3}
		{F783E3AC-7B1C-41DC-BE6C-B076B12B6987} = {E01A1F65-2FF8-4B1E-A6E8-8FBA5E4BECB3}
		{3D4C9BB1-8FD5-4B4C-9564-0211D27F9B8D} = {E01A1F65-2FF8-4B1E-A6E8-8FBA5E4BECB3}
	EndGlobalSection
	GlobalSection(ExtensibilityGlobals) = postSolution
		SolutionGuid = {69789B70-7322-4871-9554-C5E99F82E9CB}
	EndGlobalSection
EndGlobal
